
Microsoft Visual Studio Solution File, Format Version 12.00
# Visual Studio Version 17
VisualStudioVersion = 17.9.34622.214
MinimumVisualStudioVersion = 10.0.40219.1
Project("{FAE04EC0-301F-11D3-BF4B-00C04F79EFBC}") = "SintomasDoencas", "SintomasDoencas.csproj", "{57C61BB7-2B68-4B80-8E85-629D1B965ADF}"
EndProject
Global
	GlobalSection(SolutionConfigurationPlatforms) = preSolution
		Debug|Any CPU = Debug|Any CPU
		Release|Any CPU = Release|Any CPU
	EndGlobalSection
	GlobalSection(ProjectConfigurationPlatforms) = postSolution
		{57C61BB7-2B68-4B80-8E85-629D1B965ADF}.Debug|Any CPU.ActiveCfg = Debug|Any CPU
		{57C61BB7-2B68-4B80-8E85-629D1B965ADF}.Debug|Any CPU.Build.0 = Debug|Any CPU
		{57C61BB7-2B68-4B80-8E85-629D1B965ADF}.Debug|Any CPU.Deploy.0 = Debug|Any CPU
		{57C61BB7-2B68-4B80-8E85-629D1B965ADF}.Release|Any CPU.ActiveCfg = Release|Any CPU
		{57C61BB7-2B68-4B80-8E85-629D1B965ADF}.Release|Any CPU.Build.0 = Release|Any CPU
		{57C61BB7-2B68-4B80-8E85-629D1B965ADF}.Release|Any CPU.Deploy.0 = Release|Any CPU
	EndGlobalSection
	GlobalSection(SolutionProperties) = preSolution
		HideSolutionNode = FALSE
	EndGlobalSection
	GlobalSection(ExtensibilityGlobals) = postSolution
		SolutionGuid = {47BE0944-89DA-4437-9779-272E8AFFCF63}
	EndGlobalSection
EndGlobal
